// !$*UTF8*$!
{
	archiveVersion = 1;
	classes = {
	};
	objectVersion = 46;
	objects = {

/* Begin PBXBuildFile section */
		08ED6EC21F7D9C0700A6F0DA /* AppDelegate.swift in Sources */ = {isa = PBXBuildFile; fileRef = 08ED6EC11F7D9C0700A6F0DA /* AppDelegate.swift */; };
		08ED6EC41F7D9C0700A6F0DA /* ViewController.swift in Sources */ = {isa = PBXBuildFile; fileRef = 08ED6EC31F7D9C0700A6F0DA /* ViewController.swift */; };
		08ED6EC71F7D9C0700A6F0DA /* Main.storyboard in Resources */ = {isa = PBXBuildFile; fileRef = 08ED6EC51F7D9C0700A6F0DA /* Main.storyboard */; };
		08ED6EC91F7D9C0700A6F0DA /* Assets.xcassets in Resources */ = {isa = PBXBuildFile; fileRef = 08ED6EC81F7D9C0700A6F0DA /* Assets.xcassets */; };
		08ED6ECC1F7D9C0700A6F0DA /* LaunchScreen.storyboard in Resources */ = {isa = PBXBuildFile; fileRef = 08ED6ECA1F7D9C0700A6F0DA /* LaunchScreen.storyboard */; };
		08ED6ED71F7D9C0700A6F0DA /* SimpleCalculatorTests.swift in Sources */ = {isa = PBXBuildFile; fileRef = 08ED6ED61F7D9C0700A6F0DA /* SimpleCalculatorTests.swift */; };
		08ED6EE21F7D9C0700A6F0DA /* SimpleCalculatorUITests.swift in Sources */ = {isa = PBXBuildFile; fileRef = 08ED6EE11F7D9C0700A6F0DA /* SimpleCalculatorUITests.swift */; };
/* End PBXBuildFile section */

/* Begin PBXContainerItemProxy section */
		08ED6ED31F7D9C0700A6F0DA /* PBXContainerItemProxy */ = {
			isa = PBXContainerItemProxy;
			containerPortal = 08ED6EB61F7D9C0700A6F0DA /* Project object */;
			proxyType = 1;
			remoteGlobalIDString = 08ED6EBD1F7D9C0700A6F0DA;
			remoteInfo = SimpleCalculator;
		};
		08ED6EDE1F7D9C0700A6F0DA /* PBXContainerItemProxy */ = {
			isa = PBXContainerItemProxy;
			containerPortal = 08ED6EB61F7D9C0700A6F0DA /* Project object */;
			proxyType = 1;
			remoteGlobalIDString = 08ED6EBD1F7D9C0700A6F0DA;
			remoteInfo = SimpleCalculator;
		};
/* End PBXContainerItemProxy section */

/* Begin PBXFileReference section */
		08ED6EBE1F7D9C0700A6F0DA /* SimpleCalculator.app */ = {isa = PBXFileReference; explicitFileType = wrapper.application; includeInIndex = 0; path = SimpleCalculator.app; sourceTree = BUILT_PRODUCTS_DIR; };
		08ED6EC11F7D9C0700A6F0DA /* AppDelegate.swift */ = {isa = PBXFileReference; lastKnownFileType = sourcecode.swift; path = AppDelegate.swift; sourceTree = "<group>"; };
		08ED6EC31F7D9C0700A6F0DA /* ViewController.swift */ = {isa = PBXFileReference; lastKnownFileType = sourcecode.swift; path = ViewController.swift; sourceTree = "<group>"; };
		08ED6EC61F7D9C0700A6F0DA /* Base */ = {isa = PBXFileReference; lastKnownFileType = file.storyboard; name = Base; path = Base.lproj/Main.storyboard; sourceTree = "<group>"; };
		08ED6EC81F7D9C0700A6F0DA /* Assets.xcassets */ = {isa = PBXFileReference; lastKnownFileType = folder.assetcatalog; path = Assets.xcassets; sourceTree = "<group>"; };
		08ED6ECB1F7D9C0700A6F0DA /* Base */ = {isa = PBXFileReference; lastKnownFileType = file.storyboard; name = Base; path = Base.lproj/LaunchScreen.storyboard; sourceTree = "<group>"; };
		08ED6ECD1F7D9C0700A6F0DA /* Info.plist */ = {isa = PBXFileReference; lastKnownFileType = text.plist.xml; path = Info.plist; sourceTree = "<group>"; };
		08ED6ED21F7D9C0700A6F0DA /* SimpleCalculatorTests.xctest */ = {isa = PBXFileReference; explicitFileType = wrapper.cfbundle; includeInIndex = 0; path = SimpleCalculatorTests.xctest; sourceTree = BUILT_PRODUCTS_DIR; };
		08ED6ED61F7D9C0700A6F0DA /* SimpleCalculatorTests.swift */ = {isa = PBXFileReference; lastKnownFileType = sourcecode.swift; path = SimpleCalculatorTests.swift; sourceTree = "<group>"; };
		08ED6ED81F7D9C0700A6F0DA /* Info.plist */ = {isa = PBXFileReference; lastKnownFileType = text.plist.xml; path = Info.plist; sourceTree = "<group>"; };
		08ED6EDD1F7D9C0700A6F0DA /* SimpleCalculatorUITests.xctest */ = {isa = PBXFileReference; explicitFileType = wrapper.cfbundle; includeInIndex = 0; path = SimpleCalculatorUITests.xctest; sourceTree = BUILT_PRODUCTS_DIR; };
		08ED6EE11F7D9C0700A6F0DA /* SimpleCalculatorUITests.swift */ = {isa = PBXFileReference; lastKnownFileType = sourcecode.swift; path = SimpleCalculatorUITests.swift; sourceTree = "<group>"; };
		08ED6EE31F7D9C0700A6F0DA /* Info.plist */ = {isa = PBXFileReference; lastKnownFileType = text.plist.xml; path = Info.plist; sourceTree = "<group>"; };
/* End PBXFileReference section */

/* Begin PBXFrameworksBuildPhase section */
		08ED6EBB1F7D9C0700A6F0DA /* Frameworks */ = {
			isa = PBXFrameworksBuildPhase;
			buildActionMask = 2147483647;
			files = (
			);
			runOnlyForDeploymentPostprocessing = 0;
		};
		08ED6ECF1F7D9C0700A6F0DA /* Frameworks */ = {
			isa = PBXFrameworksBuildPhase;
			buildActionMask = 2147483647;
			files = (
			);
			runOnlyForDeploymentPostprocessing = 0;
		};
		08ED6EDA1F7D9C0700A6F0DA /* Frameworks */ = {
			isa = PBXFrameworksBuildPhase;
			buildActionMask = 2147483647;
			files = (
			);
			runOnlyForDeploymentPostprocessing = 0;
		};
/* End PBXFrameworksBuildPhase section */

/* Begin PBXGroup section */
		08ED6EB51F7D9C0700A6F0DA = {
			isa = PBXGroup;
			children = (
				08ED6EC01F7D9C0700A6F0DA /* SimpleCalculator */,
				08ED6ED51F7D9C0700A6F0DA /* SimpleCalculatorTests */,
				08ED6EE01F7D9C0700A6F0DA /* SimpleCalculatorUITests */,
				08ED6EBF1F7D9C0700A6F0DA /* Products */,
			);
			sourceTree = "<group>";
		};
		08ED6EBF1F7D9C0700A6F0DA /* Products */ = {
			isa = PBXGroup;
			children = (
				08ED6EBE1F7D9C0700A6F0DA /* SimpleCalculator.app */,
				08ED6ED21F7D9C0700A6F0DA /* SimpleCalculatorTests.xctest */,
				08ED6EDD1F7D9C0700A6F0DA /* SimpleCalculatorUITests.xctest */,
			);
			name = Products;
			sourceTree = "<group>";
		};
		08ED6EC01F7D9C0700A6F0DA /* SimpleCalculator */ = {
			isa = PBXGroup;
			children = (
				08ED6EC11F7D9C0700A6F0DA /* AppDelegate.swift */,
				08ED6EC31F7D9C0700A6F0DA /* ViewController.swift */,
				08ED6EC51F7D9C0700A6F0DA /* Main.storyboard */,
				08ED6EC81F7D9C0700A6F0DA /* Assets.xcassets */,
				08ED6ECA1F7D9C0700A6F0DA /* LaunchScreen.storyboard */,
				08ED6ECD1F7D9C0700A6F0DA /* Info.plist */,
			);
			path = SimpleCalculator;
			sourceTree = "<group>";
		};
		08ED6ED51F7D9C0700A6F0DA /* SimpleCalculatorTests */ = {
			isa = PBXGroup;
			children = (
				08ED6ED61F7D9C0700A6F0DA /* SimpleCalculatorTests.swift */,
				08ED6ED81F7D9C0700A6F0DA /* Info.plist */,
			);
			path = SimpleCalculatorTests;
			sourceTree = "<group>";
		};
		08ED6EE01F7D9C0700A6F0DA /* SimpleCalculatorUITests */ = {
			isa = PBXGroup;
			children = (
				08ED6EE11F7D9C0700A6F0DA /* SimpleCalculatorUITests.swift */,
				08ED6EE31F7D9C0700A6F0DA /* Info.plist */,
			);
			path = SimpleCalculatorUITests;
			sourceTree = "<group>";
		};
/* End PBXGroup section */

/* Begin PBXNativeTarget section */
		08ED6EBD1F7D9C0700A6F0DA /* SimpleCalculator */ = {
			isa = PBXNativeTarget;
			buildConfigurationList = 08ED6EE61F7D9C0700A6F0DA /* Build configuration list for PBXNativeTarget "SimpleCalculator" */;
			buildPhases = (
				08ED6EBA1F7D9C0700A6F0DA /* Sources */,
				08ED6EBB1F7D9C0700A6F0DA /* Frameworks */,
				08ED6EBC1F7D9C0700A6F0DA /* Resources */,
			);
			buildRules = (
			);
			dependencies = (
			);
			name = SimpleCalculator;
			productName = SimpleCalculator;
			productReference = 08ED6EBE1F7D9C0700A6F0DA /* SimpleCalculator.app */;
			productType = "com.apple.product-type.application";
		};
		08ED6ED11F7D9C0700A6F0DA /* SimpleCalculatorTests */ = {
			isa = PBXNativeTarget;
			buildConfigurationList = 08ED6EE91F7D9C0700A6F0DA /* Build configuration list for PBXNativeTarget "SimpleCalculatorTests" */;
			buildPhases = (
				08ED6ECE1F7D9C0700A6F0DA /* Sources */,
				08ED6ECF1F7D9C0700A6F0DA /* Frameworks */,
				08ED6ED01F7D9C0700A6F0DA /* Resources */,
			);
			buildRules = (
			);
			dependencies = (
				08ED6ED41F7D9C0700A6F0DA /* PBXTargetDependency */,
			);
			name = SimpleCalculatorTests;
			productName = SimpleCalculatorTests;
			productReference = 08ED6ED21F7D9C0700A6F0DA /* SimpleCalculatorTests.xctest */;
			productType = "com.apple.product-type.bundle.unit-test";
		};
		08ED6EDC1F7D9C0700A6F0DA /* SimpleCalculatorUITests */ = {
			isa = PBXNativeTarget;
			buildConfigurationList = 08ED6EEC1F7D9C0700A6F0DA /* Build configuration list for PBXNativeTarget "SimpleCalculatorUITests" */;
			buildPhases = (
				08ED6ED91F7D9C0700A6F0DA /* Sources */,
				08ED6EDA1F7D9C0700A6F0DA /* Frameworks */,
				08ED6EDB1F7D9C0700A6F0DA /* Resources */,
			);
			buildRules = (
			);
			dependencies = (
				08ED6EDF1F7D9C0700A6F0DA /* PBXTargetDependency */,
			);
			name = SimpleCalculatorUITests;
			productName = SimpleCalculatorUITests;
			productReference = 08ED6EDD1F7D9C0700A6F0DA /* SimpleCalculatorUITests.xctest */;
			productType = "com.apple.product-type.bundle.ui-testing";
		};
/* End PBXNativeTarget section */

/* Begin PBXProject section */
		08ED6EB61F7D9C0700A6F0DA /* Project object */ = {
			isa = PBXProject;
			attributes = {
				LastSwiftUpdateCheck = 0830;
				LastUpgradeCheck = 0900;
				ORGANIZATIONNAME = FOCAL;
				TargetAttributes = {
					08ED6EBD1F7D9C0700A6F0DA = {
						CreatedOnToolsVersion = 8.3.3;
						LastSwiftMigration = 0900;
						ProvisioningStyle = Automatic;
					};
					08ED6ED11F7D9C0700A6F0DA = {
						CreatedOnToolsVersion = 8.3.3;
						LastSwiftMigration = 0900;
						ProvisioningStyle = Automatic;
						TestTargetID = 08ED6EBD1F7D9C0700A6F0DA;
					};
					08ED6EDC1F7D9C0700A6F0DA = {
						CreatedOnToolsVersion = 8.3.3;
						LastSwiftMigration = 0900;
						ProvisioningStyle = Automatic;
						TestTargetID = 08ED6EBD1F7D9C0700A6F0DA;
					};
				};
			};
			buildConfigurationList = 08ED6EB91F7D9C0700A6F0DA /* Build configuration list for PBXProject "SimpleCalculator" */;
			compatibilityVersion = "Xcode 3.2";
			developmentRegion = English;
			hasScannedForEncodings = 0;
			knownRegions = (
				en,
				Base,
			);
			mainGroup = 08ED6EB51F7D9C0700A6F0DA;
			productRefGroup = 08ED6EBF1F7D9C0700A6F0DA /* Products */;
			projectDirPath = "";
			projectRoot = "";
			targets = (
				08ED6EBD1F7D9C0700A6F0DA /* SimpleCalculator */,
				08ED6ED11F7D9C0700A6F0DA /* SimpleCalculatorTests */,
				08ED6EDC1F7D9C0700A6F0DA /* SimpleCalculatorUITests */,
			);
		};
/* End PBXProject section */

/* Begin PBXResourcesBuildPhase section */
		08ED6EBC1F7D9C0700A6F0DA /* Resources */ = {
			isa = PBXResourcesBuildPhase;
			buildActionMask = 2147483647;
			files = (
				08ED6ECC1F7D9C0700A6F0DA /* LaunchScreen.storyboard in Resources */,
				08ED6EC91F7D9C0700A6F0DA /* Assets.xcassets in Resources */,
				08ED6EC71F7D9C0700A6F0DA /* Main.storyboard in Resources */,
			);
			runOnlyForDeploymentPostprocessing = 0;
		};
		08ED6ED01F7D9C0700A6F0DA /* Resources */ = {
			isa = PBXResourcesBuildPhase;
			buildActionMask = 2147483647;
			files = (
			);
			runOnlyForDeploymentPostprocessing = 0;
		};
		08ED6EDB1F7D9C0700A6F0DA /* Resources */ = {
			isa = PBXResourcesBuildPhase;
			buildActionMask = 2147483647;
			files = (
			);
			runOnlyForDeploymentPostprocessing = 0;
		};
/* End PBXResourcesBuildPhase section */

/* Begin PBXSourcesBuildPhase section */
		08ED6EBA1F7D9C0700A6F0DA /* Sources */ = {
			isa = PBXSourcesBuildPhase;
			buildActionMask = 2147483647;
			files = (
				08ED6EC41F7D9C0700A6F0DA /* ViewController.swift in Sources */,
				08ED6EC21F7D9C0700A6F0DA /* AppDelegate.swift in Sources */,
			);
			runOnlyForDeploymentPostprocessing = 0;
		};
		08ED6ECE1F7D9C0700A6F0DA /* Sources */ = {
			isa = PBXSourcesBuildPhase;
			buildActionMask = 2147483647;
			files = (
				08ED6ED71F7D9C0700A6F0DA /* SimpleCalculatorTests.swift in Sources */,
			);
			runOnlyForDeploymentPostprocessing = 0;
		};
		08ED6ED91F7D9C0700A6F0DA /* Sources */ = {
			isa = PBXSourcesBuildPhase;
			buildActionMask = 2147483647;
			files = (
				08ED6EE21F7D9C0700A6F0DA /* SimpleCalculatorUITests.swift in Sources */,
			);
			runOnlyForDeploymentPostprocessing = 0;
		};
/* End PBXSourcesBuildPhase section */

/* Begin PBXTargetDependency section */
		08ED6ED41F7D9C0700A6F0DA /* PBXTargetDependency */ = {
			isa = PBXTargetDependency;
			target = 08ED6EBD1F7D9C0700A6F0DA /* SimpleCalculator */;
			targetProxy = 08ED6ED31F7D9C0700A6F0DA /* PBXContainerItemProxy */;
		};
		08ED6EDF1F7D9C0700A6F0DA /* PBXTargetDependency */ = {
			isa = PBXTargetDependency;
			target = 08ED6EBD1F7D9C0700A6F0DA /* SimpleCalculator */;
			targetProxy = 08ED6EDE1F7D9C0700A6F0DA /* PBXContainerItemProxy */;
		};
/* End PBXTargetDependency section */

/* Begin PBXVariantGroup section */
		08ED6EC51F7D9C0700A6F0DA /* Main.storyboard */ = {
			isa = PBXVariantGroup;
			children = (
				08ED6EC61F7D9C0700A6F0DA /* Base */,
			);
			name = Main.storyboard;
			sourceTree = "<group>";
		};
		08ED6ECA1F7D9C0700A6F0DA /* LaunchScreen.storyboard */ = {
			isa = PBXVariantGroup;
			children = (
				08ED6ECB1F7D9C0700A6F0DA /* Base */,
			);
			name = LaunchScreen.storyboard;
			sourceTree = "<group>";
		};
/* End PBXVariantGroup section */

/* Begin XCBuildConfiguration section */
		08ED6EE41F7D9C0700A6F0DA /* Debug */ = {
			isa = XCBuildConfiguration;
			buildSettings = {
				ALWAYS_SEARCH_USER_PATHS = NO;
				CLANG_ANALYZER_NONNULL = YES;
				CLANG_ANALYZER_NUMBER_OBJECT_CONVERSION = YES_AGGRESSIVE;
				CLANG_CXX_LANGUAGE_STANDARD = "gnu++0x";
				CLANG_CXX_LIBRARY = "libc++";
				CLANG_ENABLE_MODULES = YES;
				CLANG_ENABLE_OBJC_ARC = YES;
				CLANG_WARN_BLOCK_CAPTURE_AUTORELEASING = YES;
				CLANG_WARN_BOOL_CONVERSION = YES;
				CLANG_WARN_COMMA = YES;
				CLANG_WARN_CONSTANT_CONVERSION = YES;
				CLANG_WARN_DIRECT_OBJC_ISA_USAGE = YES_ERROR;
				CLANG_WARN_DOCUMENTATION_COMMENTS = YES;
				CLANG_WARN_EMPTY_BODY = YES;
				CLANG_WARN_ENUM_CONVERSION = YES;
				CLANG_WARN_INFINITE_RECURSION = YES;
				CLANG_WARN_INT_CONVERSION = YES;
				CLANG_WARN_NON_LITERAL_NULL_CONVERSION = YES;
				CLANG_WARN_OBJC_LITERAL_CONVERSION = YES;
				CLANG_WARN_OBJC_ROOT_CLASS = YES_ERROR;
				CLANG_WARN_RANGE_LOOP_ANALYSIS = YES;
				CLANG_WARN_STRICT_PROTOTYPES = YES;
				CLANG_WARN_SUSPICIOUS_MOVE = YES;
				CLANG_WARN_UNREACHABLE_CODE = YES;
				CLANG_WARN__DUPLICATE_METHOD_MATCH = YES;
				"CODE_SIGN_IDENTITY[sdk=iphoneos*]" = "iPhone Developer";
				COPY_PHASE_STRIP = NO;
				DEBUG_INFORMATION_FORMAT = dwarf;
				ENABLE_STRICT_OBJC_MSGSEND = YES;
				ENABLE_TESTABILITY = YES;
				GCC_C_LANGUAGE_STANDARD = gnu99;
				GCC_DYNAMIC_NO_PIC = NO;
				GCC_NO_COMMON_BLOCKS = YES;
				GCC_OPTIMIZATION_LEVEL = 0;
				GCC_PREPROCESSOR_DEFINITIONS = (
					"DEBUG=1",
					"$(inherited)",
				);
				GCC_WARN_64_TO_32_BIT_CONVERSION = YES;
				GCC_WARN_ABOUT_RETURN_TYPE = YES_ERROR;
				GCC_WARN_UNDECLARED_SELECTOR = YES;
				GCC_WARN_UNINITIALIZED_AUTOS = YES_AGGRESSIVE;
				GCC_WARN_UNUSED_FUNCTION = YES;
				GCC_WARN_UNUSED_VARIABLE = YES;
				IPHONEOS_DEPLOYMENT_TARGET = 10.3;
				MTL_ENABLE_DEBUG_INFO = YES;
				ONLY_ACTIVE_ARCH = YES;
				SDKROOT = iphoneos;
				SWIFT_ACTIVE_COMPILATION_CONDITIONS = DEBUG;
				SWIFT_OPTIMIZATION_LEVEL = "-Onone";
				TARGETED_DEVICE_FAMILY = "1,2";
			};
			name = Debug;
		};
		08ED6EE51F7D9C0700A6F0DA /* Release */ = {
			isa = XCBuildConfiguration;
			buildSettings = {
				ALWAYS_SEARCH_USER_PATHS = NO;
				CLANG_ANALYZER_NONNULL = YES;
				CLANG_ANALYZER_NUMBER_OBJECT_CONVERSION = YES_AGGRESSIVE;
				CLANG_CXX_LANGUAGE_STANDARD = "gnu++0x";
				CLANG_CXX_LIBRARY = "libc++";
				CLANG_ENABLE_MODULES = YES;
				CLANG_ENABLE_OBJC_ARC = YES;
				CLANG_WARN_BLOCK_CAPTURE_AUTORELEASING = YES;
				CLANG_WARN_BOOL_CONVERSION = YES;
				CLANG_WARN_COMMA = YES;
				CLANG_WARN_CONSTANT_CONVERSION = YES;
				CLANG_WARN_DIRECT_OBJC_ISA_USAGE = YES_ERROR;
				CLANG_WARN_DOCUMENTATION_COMMENTS = YES;
				CLANG_WARN_EMPTY_BODY = YES;
				CLANG_WARN_ENUM_CONVERSION = YES;
				CLANG_WARN_INFINITE_RECURSION = YES;
				CLANG_WARN_INT_CONVERSION = YES;
				CLANG_WARN_NON_LITERAL_NULL_CONVERSION = YES;
				CLANG_WARN_OBJC_LITERAL_CONVERSION = YES;
				CLANG_WARN_OBJC_ROOT_CLASS = YES_ERROR;
				CLANG_WARN_RANGE_LOOP_ANALYSIS = YES;
				CLANG_WARN_STRICT_PROTOTYPES = YES;
				CLANG_WARN_SUSPICIOUS_MOVE = YES;
				CLANG_WARN_UNREACHABLE_CODE = YES;
				CLANG_WARN__DUPLICATE_METHOD_MATCH = YES;
				"CODE_SIGN_IDENTITY[sdk=iphoneos*]" = "iPhone Developer";
				COPY_PHASE_STRIP = NO;
				DEBUG_INFORMATION_FORMAT = "dwarf-with-dsym";
				ENABLE_NS_ASSERTIONS = NO;
				ENABLE_STRICT_OBJC_MSGSEND = YES;
				GCC_C_LANGUAGE_STANDARD = gnu99;
				GCC_NO_COMMON_BLOCKS = YES;
				GCC_WARN_64_TO_32_BIT_CONVERSION = YES;
				GCC_WARN_ABOUT_RETURN_TYPE = YES_ERROR;
				GCC_WARN_UNDECLARED_SELECTOR = YES;
				GCC_WARN_UNINITIALIZED_AUTOS = YES_AGGRESSIVE;
				GCC_WARN_UNUSED_FUNCTION = YES;
				GCC_WARN_UNUSED_VARIABLE = YES;
				IPHONEOS_DEPLOYMENT_TARGET = 10.3;
				MTL_ENABLE_DEBUG_INFO = NO;
				SDKROOT = iphoneos;
				SWIFT_OPTIMIZATION_LEVEL = "-Owholemodule";
				TARGETED_DEVICE_FAMILY = "1,2";
				VALIDATE_PRODUCT = YES;
			};
			name = Release;
		};
		08ED6EE71F7D9C0700A6F0DA /* Debug */ = {
			isa = XCBuildConfiguration;
			buildSettings = {
				ASSETCATALOG_COMPILER_APPICON_NAME = AppIcon;
				INFOPLIST_FILE = SimpleCalculator/Info.plist;
				LD_RUNPATH_SEARCH_PATHS = "$(inherited) @executable_path/Frameworks";
				PRODUCT_BUNDLE_IDENTIFIER = com.zappos.focal.SimpleCalculator;
				PRODUCT_NAME = "$(TARGET_NAME)";
				SWIFT_SWIFT3_OBJC_INFERENCE = On;
				SWIFT_VERSION = 4.0;
			};
			name = Debug;
		};
		08ED6EE81F7D9C0700A6F0DA /* Release */ = {
			isa = XCBuildConfiguration;
			buildSettings = {
				ASSETCATALOG_COMPILER_APPICON_NAME = AppIcon;
				INFOPLIST_FILE = SimpleCalculator/Info.plist;
				LD_RUNPATH_SEARCH_PATHS = "$(inherited) @executable_path/Frameworks";
				PRODUCT_BUNDLE_IDENTIFIER = com.zappos.focal.SimpleCalculator;
				PRODUCT_NAME = "$(TARGET_NAME)";
				SWIFT_SWIFT3_OBJC_INFERENCE = On;
				SWIFT_VERSION = 4.0;
			};
			name = Release;
		};
		08ED6EEA1F7D9C0700A6F0DA /* Debug */ = {
			isa = XCBuildConfiguration;
			buildSettings = {
				ALWAYS_EMBED_SWIFT_STANDARD_LIBRARIES = YES;
				BUNDLE_LOADER = "$(TEST_HOST)";
				INFOPLIST_FILE = SimpleCalculatorTests/Info.plist;
				LD_RUNPATH_SEARCH_PATHS = "$(inherited) @executable_path/Frameworks @loader_path/Frameworks";
				PRODUCT_BUNDLE_IDENTIFIER = com.zappos.focal.SimpleCalculatorTests;
				PRODUCT_NAME = "$(TARGET_NAME)";
				SWIFT_SWIFT3_OBJC_INFERENCE = On;
				SWIFT_VERSION = 4.0;
				TEST_HOST = "$(BUILT_PRODUCTS_DIR)/SimpleCalculator.app/SimpleCalculator";
			};
			name = Debug;
		};
		08ED6EEB1F7D9C0700A6F0DA /* Release */ = {
			isa = XCBuildConfiguration;
			buildSettings = {
				ALWAYS_EMBED_SWIFT_STANDARD_LIBRARIES = YES;
				BUNDLE_LOADER = "$(TEST_HOST)";
				INFOPLIST_FILE = SimpleCalculatorTests/Info.plist;
				LD_RUNPATH_SEARCH_PATHS = "$(inherited) @executable_path/Frameworks @loader_path/Frameworks";
				PRODUCT_BUNDLE_IDENTIFIER = com.zappos.focal.SimpleCalculatorTests;
				PRODUCT_NAME = "$(TARGET_NAME)";
				SWIFT_SWIFT3_OBJC_INFERENCE = On;
				SWIFT_VERSION = 4.0;
				TEST_HOST = "$(BUILT_PRODUCTS_DIR)/SimpleCalculator.app/SimpleCalculator";
			};
			name = Release;
		};
		08ED6EED1F7D9C0700A6F0DA /* Debug */ = {
			isa = XCBuildConfiguration;
			buildSettings = {
				ALWAYS_EMBED_SWIFT_STANDARD_LIBRARIES = YES;
				INFOPLIST_FILE = SimpleCalculatorUITests/Info.plist;
				LD_RUNPATH_SEARCH_PATHS = "$(inherited) @executable_path/Frameworks @loader_path/Frameworks";
				PRODUCT_BUNDLE_IDENTIFIER = com.zappos.focal.SimpleCalculatorUITests;
				PRODUCT_NAME = "$(TARGET_NAME)";
				SWIFT_SWIFT3_OBJC_INFERENCE = On;
				SWIFT_VERSION = 4.0;
				TEST_TARGET_NAME = SimpleCalculator;
			};
			name = Debug;
		};
		08ED6EEE1F7D9C0700A6F0DA /* Release */ = {
			isa = XCBuildConfiguration;
			buildSettings = {
				ALWAYS_EMBED_SWIFT_STANDARD_LIBRARIES = YES;
				INFOPLIST_FILE = SimpleCalculatorUITests/Info.plist;
				LD_RUNPATH_SEARCH_PATHS = "$(inherited) @executable_path/Frameworks @loader_path/Frameworks";
				PRODUCT_BUNDLE_IDENTIFIER = com.zappos.focal.SimpleCalculatorUITests;
				PRODUCT_NAME = "$(TARGET_NAME)";
				SWIFT_SWIFT3_OBJC_INFERENCE = On;
				SWIFT_VERSION = 4.0;
				TEST_TARGET_NAME = SimpleCalculator;
			};
			name = Release;
		};
/* End XCBuildConfiguration section */

/* Begin XCConfigurationList section */
		08ED6EB91F7D9C0700A6F0DA /* Build configuration list for PBXProject "SimpleCalculator" */ = {
			isa = XCConfigurationList;
			buildConfigurations = (
				08ED6EE41F7D9C0700A6F0DA /* Debug */,
				08ED6EE51F7D9C0700A6F0DA /* Release */,
			);
			defaultConfigurationIsVisible = 0;
			defaultConfigurationName = Release;
		};
		08ED6EE61F7D9C0700A6F0DA /* Build configuration list for PBXNativeTarget "SimpleCalculator" */ = {
			isa = XCConfigurationList;
			buildConfigurations = (
				08ED6EE71F7D9C0700A6F0DA /* Debug */,
				08ED6EE81F7D9C0700A6F0DA /* Release */,
			);
			defaultConfigurationIsVisible = 0;
			defaultConfigurationName = Release;
		};
		08ED6EE91F7D9C0700A6F0DA /* Build configuration list for PBXNativeTarget "SimpleCalculatorTests" */ = {
			isa = XCConfigurationList;
			buildConfigurations = (
				08ED6EEA1F7D9C0700A6F0DA /* Debug */,
				08ED6EEB1F7D9C0700A6F0DA /* Release */,
			);
			defaultConfigurationIsVisible = 0;
			defaultConfigurationName = Release;
		};
		08ED6EEC1F7D9C0700A6F0DA /* Build configuration list for PBXNativeTarget "SimpleCalculatorUITests" */ = {
			isa = XCConfigurationList;
			buildConfigurations = (
				08ED6EED1F7D9C0700A6F0DA /* Debug */,
				08ED6EEE1F7D9C0700A6F0DA /* Release */,
			);
			defaultConfigurationIsVisible = 0;
			defaultConfigurationName = Release;
		};
/* End XCConfigurationList section */
	};
	rootObject = 08ED6EB61F7D9C0700A6F0DA /* Project object */;
}
